
Microsoft Visual Studio Solution File, Format Version 12.00
# Visual Studio 15
VisualStudioVersion = 15.0.27703.2000
MinimumVisualStudioVersion = 10.0.40219.1
Project("{8BC9CEB8-8B4A-11D0-8D11-00A0C91BC942}") = "Lab2", "Lab2.vcxproj", "{BB08ABE5-6D1B-434E-ABA2-5D17E6CDAA29}"
EndProject
Global
	GlobalSection(SolutionConfigurationPlatforms) = preSolution
		Debug|x64 = Debug|x64
		Debug|x86 = Debug|x86
		Release|x64 = Release|x64
		Release|x86 = Release|x86
	EndGlobalSection
	GlobalSection(ProjectConfigurationPlatforms) = postSolution
		{BB08ABE5-6D1B-434E-ABA2-5D17E6CDAA29}.Debug|x64.ActiveCfg = Debug|x64
		{BB08ABE5-6D1B-434E-ABA2-5D17E6CDAA29}.Debug|x64.Build.0 = Debug|x64
		{BB08ABE5-6D1B-434E-ABA2-5D17E6CDAA29}.Debug|x86.ActiveCfg = Debug|Win32
		{BB08ABE5-6D1B-434E-ABA2-5D17E6CDAA29}.Debug|x86.Build.0 = Debug|Win32
		{BB08ABE5-6D1B-434E-ABA2-5D17E6CDAA29}.Release|x64.ActiveCfg = Release|x64
		{BB08ABE5-6D1B-434E-ABA2-5D17E6CDAA29}.Release|x64.Build.0 = Release|x64
		{BB08ABE5-6D1B-434E-ABA2-5D17E6CDAA29}.Release|x86.ActiveCfg = Release|Win32
		{BB08ABE5-6D1B-434E-ABA2-5D17E6CDAA29}.Release|x86.Build.0 = Release|Win32
	EndGlobalSection
	GlobalSection(SolutionProperties) = preSolution
		HideSolutionNode = FALSE
	EndGlobalSection
	GlobalSection(ExtensibilityGlobals) = postSolution
		SolutionGuid = {FB6AD256-70D2-48CE-9CEF-255855025BCB}
	EndGlobalSection
EndGlobal
